
Microsoft Visual Studio Solution File, Format Version 12.00
# Visual Studio Version 17
VisualStudioVersion = 17.0.31903.59
MinimumVisualStudioVersion = 10.0.40219.1
Project("{9A19103F-16F7-4668-BE54-9A1E7A4F7556}") = "hello-ses", "hello-ses.csproj", "{62C228EF-F49D-4FDC-B532-FFEF0CF81DCC}"
EndProject
Global
	GlobalSection(SolutionConfigurationPlatforms) = preSolution
		Debug|Any CPU = Debug|Any CPU
		Release|Any CPU = Release|Any CPU
	EndGlobalSection
	GlobalSection(ProjectConfigurationPlatforms) = postSolution
		{62C228EF-F49D-4FDC-B532-FFEF0CF81DCC}.Debug|Any CPU.ActiveCfg = Debug|Any CPU
		{62C228EF-F49D-4FDC-B532-FFEF0CF81DCC}.Debug|Any CPU.Build.0 = Debug|Any CPU
		{62C228EF-F49D-4FDC-B532-FFEF0CF81DCC}.Release|Any CPU.ActiveCfg = Release|Any CPU
		{62C228EF-F49D-4FDC-B532-FFEF0CF81DCC}.Release|Any CPU.Build.0 = Release|Any CPU
	EndGlobalSection
	GlobalSection(SolutionProperties) = preSolution
		HideSolutionNode = FALSE
	EndGlobalSection
	GlobalSection(ExtensibilityGlobals) = postSolution
		SolutionGuid = {A910170D-B193-427D-997C-BFF2ABAB56E4}
	EndGlobalSection
EndGlobal
